github.com/Nigel2392/routevars v1.0.0 h1:aakg+hb0+7EYuW2JCpvxJ1aXVuJGDsYrGuN6CKTCBVI=
github.com/Nigel2392/routevars v1.0.0/go.mod h1:aPEoda1mvbkFa/Rnj9lErveL4RPZkmgh7/SMjL/xx7E=
github.com/Nigel2392/routevars v1.0.1 h1:l49VPqffbsacA8HEYfdvwpjvOwU64/RnYqEMcyPttY0=
github.com/Nigel2392/routevars v1.0.1/go.mod h1:aPEoda1mvbkFa/Rnj9lErveL4RPZkmgh7/SMjL/xx7E=
